
Microsoft Visual Studio Solution File, Format Version 12.00
# Visual Studio 15
VisualStudioVersion = 15.0.28307.757
MinimumVisualStudioVersion = 10.0.40219.1
Project("{FAE04EC0-301F-11D3-BF4B-00C04F79EFBC}") = "GPIB_Test", "GPIB_Test\GPIB_Test.csproj", "{85AD1C6E-6360-4B1B-BDB4-38AA38A6D239}"
EndProject
Global
	GlobalSection(SolutionConfigurationPlatforms) = preSolution
		Debug|Any CPU = Debug|Any CPU
		Release|Any CPU = Release|Any CPU
	EndGlobalSection
	GlobalSection(ProjectConfigurationPlatforms) = postSolution
		{85AD1C6E-6360-4B1B-BDB4-38AA38A6D239}.Debug|Any CPU.ActiveCfg = Debug|Any CPU
		{85AD1C6E-6360-4B1B-BDB4-38AA38A6D239}.Debug|Any CPU.Build.0 = Debug|Any CPU
		{85AD1C6E-6360-4B1B-BDB4-38AA38A6D239}.Release|Any CPU.ActiveCfg = Release|Any CPU
		{85AD1C6E-6360-4B1B-BDB4-38AA38A6D239}.Release|Any CPU.Build.0 = Release|Any CPU
	EndGlobalSection
	GlobalSection(SolutionProperties) = preSolution
		HideSolutionNode = FALSE
	EndGlobalSection
	GlobalSection(ExtensibilityGlobals) = postSolution
		SolutionGuid = {5BA913C1-A622-431E-9EE9-4B8A70636EA2}
	EndGlobalSection
EndGlobal
